
Microsoft Visual Studio Solution File, Format Version 12.00
# Visual Studio 15
VisualStudioVersion = 15.0.28307.1622
MinimumVisualStudioVersion = 10.0.40219.1
Project("{FAE04EC0-301F-11D3-BF4B-00C04F79EFBC}") = "MdHongnghiCore", "MdHongnghiCore\MdHongnghiCore.csproj", "{DFB2DDAE-25A4-4E25-8A3B-1E9D0CE00446}"
EndProject
Project("{FAE04EC0-301F-11D3-BF4B-00C04F79EFBC}") = "HN.Infrastructure", "HN.Infrastructure\HN.Infrastructure.csproj", "{F09D33F2-52CA-40FA-8A29-BA7DCEEF5B59}"
EndProject
Project("{FAE04EC0-301F-11D3-BF4B-00C04F79EFBC}") = "HN.Untilities", "HN.Untilities\HN.Untilities.csproj", "{23796C4E-F8DD-4D8B-AC59-087E83F32E73}"
EndProject
Project("{FAE04EC0-301F-11D3-BF4B-00C04F79EFBC}") = "HN.Data.EF", "HN.APP.EF\HN.Data.EF.csproj", "{E4BAEEE6-0CA2-4490-B6D9-FA91A9883ED2}"
EndProject
Project("{FAE04EC0-301F-11D3-BF4B-00C04F79EFBC}") = "HN.Application", "HN.Application\HN.Application.csproj", "{0E6E10FA-6E93-4EDE-98E3-47101945AAA1}"
EndProject
Project("{2150E333-8FDC-42A3-9474-1A3956D46DE8}") = "1- Presentation", "1- Presentation", "{5A2035F5-EE5C-4FCB-B4D2-DB4DF09B17A7}"
EndProject
Project("{2150E333-8FDC-42A3-9474-1A3956D46DE8}") = "2-Application", "2-Application", "{8C8B5C25-BE9B-4578-8BAB-77E7F4F19F81}"
EndProject
Project("{2150E333-8FDC-42A3-9474-1A3956D46DE8}") = "3-Domain", "3-Domain", "{2096E78F-5D1B-44E9-B78A-B45A0FBC54AE}"
EndProject
Project("{2150E333-8FDC-42A3-9474-1A3956D46DE8}") = "4-Infrastructure", "4-Infrastructure", "{E44A007E-1FDE-480A-94BC-C22527B80DC6}"
EndProject
Project("{FAE04EC0-301F-11D3-BF4B-00C04F79EFBC}") = "HN.Data", "HN.Data\HN.Data.csproj", "{9EDD5437-5F8B-4102-B389-8B267E7E22A3}"
EndProject
Global
	GlobalSection(SolutionConfigurationPlatforms) = preSolution
		Debug|Any CPU = Debug|Any CPU
		Release|Any CPU = Release|Any CPU
	EndGlobalSection
	GlobalSection(ProjectConfigurationPlatforms) = postSolution
		{DFB2DDAE-25A4-4E25-8A3B-1E9D0CE00446}.Debug|Any CPU.ActiveCfg = Debug|Any CPU
		{DFB2DDAE-25A4-4E25-8A3B-1E9D0CE00446}.Debug|Any CPU.Build.0 = Debug|Any CPU
		{DFB2DDAE-25A4-4E25-8A3B-1E9D0CE00446}.Release|Any CPU.ActiveCfg = Release|Any CPU
		{DFB2DDAE-25A4-4E25-8A3B-1E9D0CE00446}.Release|Any CPU.Build.0 = Release|Any CPU
		{F09D33F2-52CA-40FA-8A29-BA7DCEEF5B59}.Debug|Any CPU.ActiveCfg = Debug|Any CPU
		{F09D33F2-52CA-40FA-8A29-BA7DCEEF5B59}.Debug|Any CPU.Build.0 = Debug|Any CPU
		{F09D33F2-52CA-40FA-8A29-BA7DCEEF5B59}.Release|Any CPU.ActiveCfg = Release|Any CPU
		{F09D33F2-52CA-40FA-8A29-BA7DCEEF5B59}.Release|Any CPU.Build.0 = Release|Any CPU
		{23796C4E-F8DD-4D8B-AC59-087E83F32E73}.Debug|Any CPU.ActiveCfg = Debug|Any CPU
		{23796C4E-F8DD-4D8B-AC59-087E83F32E73}.Debug|Any CPU.Build.0 = Debug|Any CPU
		{23796C4E-F8DD-4D8B-AC59-087E83F32E73}.Release|Any CPU.ActiveCfg = Release|Any CPU
		{23796C4E-F8DD-4D8B-AC59-087E83F32E73}.Release|Any CPU.Build.0 = Release|Any CPU
		{E4BAEEE6-0CA2-4490-B6D9-FA91A9883ED2}.Debug|Any CPU.ActiveCfg = Debug|Any CPU
		{E4BAEEE6-0CA2-4490-B6D9-FA91A9883ED2}.Debug|Any CPU.Build.0 = Debug|Any CPU
		{E4BAEEE6-0CA2-4490-B6D9-FA91A9883ED2}.Release|Any CPU.ActiveCfg = Release|Any CPU
		{E4BAEEE6-0CA2-4490-B6D9-FA91A9883ED2}.Release|Any CPU.Build.0 = Release|Any CPU
		{0E6E10FA-6E93-4EDE-98E3-47101945AAA1}.Debug|Any CPU.ActiveCfg = Debug|Any CPU
		{0E6E10FA-6E93-4EDE-98E3-47101945AAA1}.Debug|Any CPU.Build.0 = Debug|Any CPU
		{0E6E10FA-6E93-4EDE-98E3-47101945AAA1}.Release|Any CPU.ActiveCfg = Release|Any CPU
		{0E6E10FA-6E93-4EDE-98E3-47101945AAA1}.Release|Any CPU.Build.0 = Release|Any CPU
		{9EDD5437-5F8B-4102-B389-8B267E7E22A3}.Debug|Any CPU.ActiveCfg = Debug|Any CPU
		{9EDD5437-5F8B-4102-B389-8B267E7E22A3}.Debug|Any CPU.Build.0 = Debug|Any CPU
		{9EDD5437-5F8B-4102-B389-8B267E7E22A3}.Release|Any CPU.ActiveCfg = Release|Any CPU
		{9EDD5437-5F8B-4102-B389-8B267E7E22A3}.Release|Any CPU.Build.0 = Release|Any CPU
	EndGlobalSection
	GlobalSection(SolutionProperties) = preSolution
		HideSolutionNode = FALSE
	EndGlobalSection
	GlobalSection(NestedProjects) = preSolution
		{DFB2DDAE-25A4-4E25-8A3B-1E9D0CE00446} = {5A2035F5-EE5C-4FCB-B4D2-DB4DF09B17A7}
		{F09D33F2-52CA-40FA-8A29-BA7DCEEF5B59} = {E44A007E-1FDE-480A-94BC-C22527B80DC6}
		{23796C4E-F8DD-4D8B-AC59-087E83F32E73} = {E44A007E-1FDE-480A-94BC-C22527B80DC6}
		{E4BAEEE6-0CA2-4490-B6D9-FA91A9883ED2} = {2096E78F-5D1B-44E9-B78A-B45A0FBC54AE}
		{0E6E10FA-6E93-4EDE-98E3-47101945AAA1} = {8C8B5C25-BE9B-4578-8BAB-77E7F4F19F81}
		{9EDD5437-5F8B-4102-B389-8B267E7E22A3} = {2096E78F-5D1B-44E9-B78A-B45A0FBC54AE}
	EndGlobalSection
	GlobalSection(ExtensibilityGlobals) = postSolution
		SolutionGuid = {353504FB-806A-4D07-B300-2A6A4A998918}
	EndGlobalSection
EndGlobal
